
Microsoft Visual Studio Solution File, Format Version 12.00
# Visual Studio 2013
VisualStudioVersion = 12.0.40629.0
MinimumVisualStudioVersion = 10.0.40219.1
Project("{8BC9CEB8-8B4A-11D0-8D11-00A0C91BC942}") = "AutoDownload", "AutoDownload\AutoDownload.vcxproj", "{F454935F-F572-4543-A00B-75EA3A24C288}"
EndProject
Project("{8BC9CEB8-8B4A-11D0-8D11-00A0C91BC942}") = "Launch", "Launch\Launch.vcxproj", "{43BCD086-5C9F-4299-B684-17ADA93E9E87}"
EndProject
Project("{8BC9CEB8-8B4A-11D0-8D11-00A0C91BC942}") = "UpdateLaunch", "UpdateLaunch\UpdateLaunch.vcxproj", "{481349F1-8FA6-4439-9922-2E2BB9260F32}"
EndProject
Global
	GlobalSection(SolutionConfigurationPlatforms) = preSolution
		Debug|Win32 = Debug|Win32
		Release|Win32 = Release|Win32
	EndGlobalSection
	GlobalSection(ProjectConfigurationPlatforms) = postSolution
		{F454935F-F572-4543-A00B-75EA3A24C288}.Debug|Win32.ActiveCfg = Debug|Win32
		{F454935F-F572-4543-A00B-75EA3A24C288}.Debug|Win32.Build.0 = Debug|Win32
		{F454935F-F572-4543-A00B-75EA3A24C288}.Release|Win32.ActiveCfg = Release|Win32
		{F454935F-F572-4543-A00B-75EA3A24C288}.Release|Win32.Build.0 = Release|Win32
		{43BCD086-5C9F-4299-B684-17ADA93E9E87}.Debug|Win32.ActiveCfg = Debug|Win32
		{43BCD086-5C9F-4299-B684-17ADA93E9E87}.Debug|Win32.Build.0 = Debug|Win32
		{43BCD086-5C9F-4299-B684-17ADA93E9E87}.Release|Win32.ActiveCfg = Release|Win32
		{43BCD086-5C9F-4299-B684-17ADA93E9E87}.Release|Win32.Build.0 = Release|Win32
		{481349F1-8FA6-4439-9922-2E2BB9260F32}.Debug|Win32.ActiveCfg = Debug|Win32
		{481349F1-8FA6-4439-9922-2E2BB9260F32}.Debug|Win32.Build.0 = Debug|Win32
		{481349F1-8FA6-4439-9922-2E2BB9260F32}.Release|Win32.ActiveCfg = Release|Win32
		{481349F1-8FA6-4439-9922-2E2BB9260F32}.Release|Win32.Build.0 = Release|Win32
	EndGlobalSection
	GlobalSection(SolutionProperties) = preSolution
		HideSolutionNode = FALSE
	EndGlobalSection
EndGlobal
